// !$*UTF8*$!
{
	archiveVersion = 1;
	classes = {
	};
	objectVersion = 55;
	objects = {

/* Begin PBXBuildFile section */
		DD0092CE290B0E1600CE97DC /* AddTaskViewController.swift in Sources */ = {isa = PBXBuildFile; fileRef = DD0092CD290B0E1600CE97DC /* AddTaskViewController.swift */; };
		DD32FB882906DA9D00D2BD4E /* AppDelegate.swift in Sources */ = {isa = PBXBuildFile; fileRef = DD32FB872906DA9D00D2BD4E /* AppDelegate.swift */; };
		DD32FB8A2906DA9D00D2BD4E /* SceneDelegate.swift in Sources */ = {isa = PBXBuildFile; fileRef = DD32FB892906DA9D00D2BD4E /* SceneDelegate.swift */; };
		DD32FB8C2906DA9D00D2BD4E /* ViewController.swift in Sources */ = {isa = PBXBuildFile; fileRef = DD32FB8B2906DA9D00D2BD4E /* ViewController.swift */; };
		DD32FB8F2906DA9D00D2BD4E /* Main.storyboard in Resources */ = {isa = PBXBuildFile; fileRef = DD32FB8D2906DA9D00D2BD4E /* Main.storyboard */; };
		DD32FB912906DA9E00D2BD4E /* Assets.xcassets in Resources */ = {isa = PBXBuildFile; fileRef = DD32FB902906DA9E00D2BD4E /* Assets.xcassets */; };
		DD32FB942906DA9E00D2BD4E /* LaunchScreen.storyboard in Resources */ = {isa = PBXBuildFile; fileRef = DD32FB922906DA9E00D2BD4E /* LaunchScreen.storyboard */; };
		DD32FB9D2906DB1200D2BD4E /* ToDoItem.swift in Sources */ = {isa = PBXBuildFile; fileRef = DD32FB9C2906DB1200D2BD4E /* ToDoItem.swift */; };
		DD32FB9F2906DDA800D2BD4E /* FileCache.swift in Sources */ = {isa = PBXBuildFile; fileRef = DD32FB9E2906DDA800D2BD4E /* FileCache.swift */; };
		DD7B25B3290817FB0014C316 /* Tasks.json in Resources */ = {isa = PBXBuildFile; fileRef = DD7B25B22908149B0014C316 /* Tasks.json */; };
/* End PBXBuildFile section */

/* Begin PBXFileReference section */
		DD0092CD290B0E1600CE97DC /* AddTaskViewController.swift */ = {isa = PBXFileReference; lastKnownFileType = sourcecode.swift; path = AddTaskViewController.swift; sourceTree = "<group>"; };
		DD32FB842906DA9D00D2BD4E /* ToDoApp.app */ = {isa = PBXFileReference; explicitFileType = wrapper.application; includeInIndex = 0; path = ToDoApp.app; sourceTree = BUILT_PRODUCTS_DIR; };
		DD32FB872906DA9D00D2BD4E /* AppDelegate.swift */ = {isa = PBXFileReference; lastKnownFileType = sourcecode.swift; path = AppDelegate.swift; sourceTree = "<group>"; };
		DD32FB892906DA9D00D2BD4E /* SceneDelegate.swift */ = {isa = PBXFileReference; lastKnownFileType = sourcecode.swift; path = SceneDelegate.swift; sourceTree = "<group>"; };
		DD32FB8B2906DA9D00D2BD4E /* ViewController.swift */ = {isa = PBXFileReference; lastKnownFileType = sourcecode.swift; path = ViewController.swift; sourceTree = "<group>"; };
		DD32FB8E2906DA9D00D2BD4E /* Base */ = {isa = PBXFileReference; lastKnownFileType = file.storyboard; name = Base; path = Base.lproj/Main.storyboard; sourceTree = "<group>"; };
		DD32FB902906DA9E00D2BD4E /* Assets.xcassets */ = {isa = PBXFileReference; lastKnownFileType = folder.assetcatalog; path = Assets.xcassets; sourceTree = "<group>"; };
		DD32FB932906DA9E00D2BD4E /* Base */ = {isa = PBXFileReference; lastKnownFileType = file.storyboard; name = Base; path = Base.lproj/LaunchScreen.storyboard; sourceTree = "<group>"; };
		DD32FB952906DA9E00D2BD4E /* Info.plist */ = {isa = PBXFileReference; lastKnownFileType = text.plist.xml; path = Info.plist; sourceTree = "<group>"; };
		DD32FB9C2906DB1200D2BD4E /* ToDoItem.swift */ = {isa = PBXFileReference; lastKnownFileType = sourcecode.swift; path = ToDoItem.swift; sourceTree = "<group>"; };
		DD32FB9E2906DDA800D2BD4E /* FileCache.swift */ = {isa = PBXFileReference; lastKnownFileType = sourcecode.swift; path = FileCache.swift; sourceTree = "<group>"; };
		DD7B25B22908149B0014C316 /* Tasks.json */ = {isa = PBXFileReference; lastKnownFileType = text.json; path = Tasks.json; sourceTree = "<group>"; };
/* End PBXFileReference section */

/* Begin PBXFrameworksBuildPhase section */
		DD32FB812906DA9D00D2BD4E /* Frameworks */ = {
			isa = PBXFrameworksBuildPhase;
			buildActionMask = 2147483647;
			files = (
			);
			runOnlyForDeploymentPostprocessing = 0;
		};
/* End PBXFrameworksBuildPhase section */

/* Begin PBXGroup section */
		DD0092CC290B0B5C00CE97DC /* View */ = {
			isa = PBXGroup;
			children = (
				DD0092CD290B0E1600CE97DC /* AddTaskViewController.swift */,
			);
			path = View;
			sourceTree = "<group>";
		};
		DD32FB7B2906DA9D00D2BD4E = {
			isa = PBXGroup;
			children = (
				DD32FB862906DA9D00D2BD4E /* ToDoApp */,
				DD32FB852906DA9D00D2BD4E /* Products */,
			);
			sourceTree = "<group>";
		};
		DD32FB852906DA9D00D2BD4E /* Products */ = {
			isa = PBXGroup;
			children = (
				DD32FB842906DA9D00D2BD4E /* ToDoApp.app */,
			);
			name = Products;
			sourceTree = "<group>";
		};
		DD32FB862906DA9D00D2BD4E /* ToDoApp */ = {
			isa = PBXGroup;
			children = (
				DD0092CC290B0B5C00CE97DC /* View */,
				DD32FB9B2906DAC600D2BD4E /* Model */,
				DD7B25B22908149B0014C316 /* Tasks.json */,
				DD32FB872906DA9D00D2BD4E /* AppDelegate.swift */,
				DD32FB892906DA9D00D2BD4E /* SceneDelegate.swift */,
				DD32FB8B2906DA9D00D2BD4E /* ViewController.swift */,
				DD32FB8D2906DA9D00D2BD4E /* Main.storyboard */,
				DD32FB902906DA9E00D2BD4E /* Assets.xcassets */,
				DD32FB922906DA9E00D2BD4E /* LaunchScreen.storyboard */,
				DD32FB952906DA9E00D2BD4E /* Info.plist */,
			);
			path = ToDoApp;
			sourceTree = "<group>";
		};
		DD32FB9B2906DAC600D2BD4E /* Model */ = {
			isa = PBXGroup;
			children = (
				DD32FB9C2906DB1200D2BD4E /* ToDoItem.swift */,
				DD32FB9E2906DDA800D2BD4E /* FileCache.swift */,
			);
			path = Model;
			sourceTree = "<group>";
		};
/* End PBXGroup section */

/* Begin PBXNativeTarget section */
		DD32FB832906DA9D00D2BD4E /* ToDoApp */ = {
			isa = PBXNativeTarget;
			buildConfigurationList = DD32FB982906DA9E00D2BD4E /* Build configuration list for PBXNativeTarget "ToDoApp" */;
			buildPhases = (
				DD32FB802906DA9D00D2BD4E /* Sources */,
				DD32FB812906DA9D00D2BD4E /* Frameworks */,
				DD32FB822906DA9D00D2BD4E /* Resources */,
			);
			buildRules = (
			);
			dependencies = (
			);
			name = ToDoApp;
			productName = ToDoApp;
			productReference = DD32FB842906DA9D00D2BD4E /* ToDoApp.app */;
			productType = "com.apple.product-type.application";
		};
/* End PBXNativeTarget section */

/* Begin PBXProject section */
		DD32FB7C2906DA9D00D2BD4E /* Project object */ = {
			isa = PBXProject;
			attributes = {
				BuildIndependentTargetsInParallel = 1;
				LastSwiftUpdateCheck = 1320;
				LastUpgradeCheck = 1320;
				TargetAttributes = {
					DD32FB832906DA9D00D2BD4E = {
						CreatedOnToolsVersion = 13.2.1;
					};
				};
			};
			buildConfigurationList = DD32FB7F2906DA9D00D2BD4E /* Build configuration list for PBXProject "ToDoApp" */;
			compatibilityVersion = "Xcode 13.0";
			developmentRegion = en;
			hasScannedForEncodings = 0;
			knownRegions = (
				en,
				Base,
			);
			mainGroup = DD32FB7B2906DA9D00D2BD4E;
			productRefGroup = DD32FB852906DA9D00D2BD4E /* Products */;
			projectDirPath = "";
			projectRoot = "";
			targets = (
				DD32FB832906DA9D00D2BD4E /* ToDoApp */,
			);
		};
/* End PBXProject section */

/* Begin PBXResourcesBuildPhase section */
		DD32FB822906DA9D00D2BD4E /* Resources */ = {
			isa = PBXResourcesBuildPhase;
			buildActionMask = 2147483647;
			files = (
				DD7B25B3290817FB0014C316 /* Tasks.json in Resources */,
				DD32FB942906DA9E00D2BD4E /* LaunchScreen.storyboard in Resources */,
				DD32FB912906DA9E00D2BD4E /* Assets.xcassets in Resources */,
				DD32FB8F2906DA9D00D2BD4E /* Main.storyboard in Resources */,
			);
			runOnlyForDeploymentPostprocessing = 0;
		};
/* End PBXResourcesBuildPhase section */

/* Begin PBXSourcesBuildPhase section */
		DD32FB802906DA9D00D2BD4E /* Sources */ = {
			isa = PBXSourcesBuildPhase;
			buildActionMask = 2147483647;
			files = (
				DD32FB8C2906DA9D00D2BD4E /* ViewController.swift in Sources */,
				DD0092CE290B0E1600CE97DC /* AddTaskViewController.swift in Sources */,
				DD32FB882906DA9D00D2BD4E /* AppDelegate.swift in Sources */,
				DD32FB9D2906DB1200D2BD4E /* ToDoItem.swift in Sources */,
				DD32FB9F2906DDA800D2BD4E /* FileCache.swift in Sources */,
				DD32FB8A2906DA9D00D2BD4E /* SceneDelegate.swift in Sources */,
			);
			runOnlyForDeploymentPostprocessing = 0;
		};
/* End PBXSourcesBuildPhase section */

/* Begin PBXVariantGroup section */
		DD32FB8D2906DA9D00D2BD4E /* Main.storyboard */ = {
			isa = PBXVariantGroup;
			children = (
				DD32FB8E2906DA9D00D2BD4E /* Base */,
			);
			name = Main.storyboard;
			sourceTree = "<group>";
		};
		DD32FB922906DA9E00D2BD4E /* LaunchScreen.storyboard */ = {
			isa = PBXVariantGroup;
			children = (
				DD32FB932906DA9E00D2BD4E /* Base */,
			);
			name = LaunchScreen.storyboard;
			sourceTree = "<group>";
		};
/* End PBXVariantGroup section */

/* Begin XCBuildConfiguration section */
		DD32FB962906DA9E00D2BD4E /* Debug */ = {
			isa = XCBuildConfiguration;
			buildSettings = {
				ALWAYS_SEARCH_USER_PATHS = NO;
				CLANG_ANALYZER_NONNULL = YES;
				CLANG_ANALYZER_NUMBER_OBJECT_CONVERSION = YES_AGGRESSIVE;
				CLANG_CXX_LANGUAGE_STANDARD = "gnu++17";
				CLANG_CXX_LIBRARY = "libc++";
				CLANG_ENABLE_MODULES = YES;
				CLANG_ENABLE_OBJC_ARC = YES;
				CLANG_ENABLE_OBJC_WEAK = YES;
				CLANG_WARN_BLOCK_CAPTURE_AUTORELEASING = YES;
				CLANG_WARN_BOOL_CONVERSION = YES;
				CLANG_WARN_COMMA = YES;
				CLANG_WARN_CONSTANT_CONVERSION = YES;
				CLANG_WARN_DEPRECATED_OBJC_IMPLEMENTATIONS = YES;
				CLANG_WARN_DIRECT_OBJC_ISA_USAGE = YES_ERROR;
				CLANG_WARN_DOCUMENTATION_COMMENTS = YES;
				CLANG_WARN_EMPTY_BODY = YES;
				CLANG_WARN_ENUM_CONVERSION = YES;
				CLANG_WARN_INFINITE_RECURSION = YES;
				CLANG_WARN_INT_CONVERSION = YES;
				CLANG_WARN_NON_LITERAL_NULL_CONVERSION = YES;
				CLANG_WARN_OBJC_IMPLICIT_RETAIN_SELF = YES;
				CLANG_WARN_OBJC_LITERAL_CONVERSION = YES;
				CLANG_WARN_OBJC_ROOT_CLASS = YES_ERROR;
				CLANG_WARN_QUOTED_INCLUDE_IN_FRAMEWORK_HEADER = YES;
				CLANG_WARN_RANGE_LOOP_ANALYSIS = YES;
				CLANG_WARN_STRICT_PROTOTYPES = YES;
				CLANG_WARN_SUSPICIOUS_MOVE = YES;
				CLANG_WARN_UNGUARDED_AVAILABILITY = YES_AGGRESSIVE;
				CLANG_WARN_UNREACHABLE_CODE = YES;
				CLANG_WARN__DUPLICATE_METHOD_MATCH = YES;
				COPY_PHASE_STRIP = NO;
				DEBUG_INFORMATION_FORMAT = dwarf;
				ENABLE_STRICT_OBJC_MSGSEND = YES;
				ENABLE_TESTABILITY = YES;
				GCC_C_LANGUAGE_STANDARD = gnu11;
				GCC_DYNAMIC_NO_PIC = NO;
				GCC_NO_COMMON_BLOCKS = YES;
				GCC_OPTIMIZATION_LEVEL = 0;
				GCC_PREPROCESSOR_DEFINITIONS = (
					"DEBUG=1",
					"$(inherited)",
				);
				GCC_WARN_64_TO_32_BIT_CONVERSION = YES;
				GCC_WARN_ABOUT_RETURN_TYPE = YES_ERROR;
				GCC_WARN_UNDECLARED_SELECTOR = YES;
				GCC_WARN_UNINITIALIZED_AUTOS = YES_AGGRESSIVE;
				GCC_WARN_UNUSED_FUNCTION = YES;
				GCC_WARN_UNUSED_VARIABLE = YES;
				IPHONEOS_DEPLOYMENT_TARGET = 15.2;
				MTL_ENABLE_DEBUG_INFO = INCLUDE_SOURCE;
				MTL_FAST_MATH = YES;
				ONLY_ACTIVE_ARCH = YES;
				SDKROOT = iphoneos;
				SWIFT_ACTIVE_COMPILATION_CONDITIONS = DEBUG;
				SWIFT_OPTIMIZATION_LEVEL = "-Onone";
			};
			name = Debug;
		};
		DD32FB972906DA9E00D2BD4E /* Release */ = {
			isa = XCBuildConfiguration;
			buildSettings = {
				ALWAYS_SEARCH_USER_PATHS = NO;
				CLANG_ANALYZER_NONNULL = YES;
				CLANG_ANALYZER_NUMBER_OBJECT_CONVERSION = YES_AGGRESSIVE;
				CLANG_CXX_LANGUAGE_STANDARD = "gnu++17";
				CLANG_CXX_LIBRARY = "libc++";
				CLANG_ENABLE_MODULES = YES;
				CLANG_ENABLE_OBJC_ARC = YES;
				CLANG_ENABLE_OBJC_WEAK = YES;
				CLANG_WARN_BLOCK_CAPTURE_AUTORELEASING = YES;
				CLANG_WARN_BOOL_CONVERSION = YES;
				CLANG_WARN_COMMA = YES;
				CLANG_WARN_CONSTANT_CONVERSION = YES;
				CLANG_WARN_DEPRECATED_OBJC_IMPLEMENTATIONS = YES;
				CLANG_WARN_DIRECT_OBJC_ISA_USAGE = YES_ERROR;
				CLANG_WARN_DOCUMENTATION_COMMENTS = YES;
				CLANG_WARN_EMPTY_BODY = YES;
				CLANG_WARN_ENUM_CONVERSION = YES;
				CLANG_WARN_INFINITE_RECURSION = YES;
				CLANG_WARN_INT_CONVERSION = YES;
				CLANG_WARN_NON_LITERAL_NULL_CONVERSION = YES;
				CLANG_WARN_OBJC_IMPLICIT_RETAIN_SELF = YES;
				CLANG_WARN_OBJC_LITERAL_CONVERSION = YES;
				CLANG_WARN_OBJC_ROOT_CLASS = YES_ERROR;
				CLANG_WARN_QUOTED_INCLUDE_IN_FRAMEWORK_HEADER = YES;
				CLANG_WARN_RANGE_LOOP_ANALYSIS = YES;
				CLANG_WARN_STRICT_PROTOTYPES = YES;
				CLANG_WARN_SUSPICIOUS_MOVE = YES;
				CLANG_WARN_UNGUARDED_AVAILABILITY = YES_AGGRESSIVE;
				CLANG_WARN_UNREACHABLE_CODE = YES;
				CLANG_WARN__DUPLICATE_METHOD_MATCH = YES;
				COPY_PHASE_STRIP = NO;
				DEBUG_INFORMATION_FORMAT = "dwarf-with-dsym";
				ENABLE_NS_ASSERTIONS = NO;
				ENABLE_STRICT_OBJC_MSGSEND = YES;
				GCC_C_LANGUAGE_STANDARD = gnu11;
				GCC_NO_COMMON_BLOCKS = YES;
				GCC_WARN_64_TO_32_BIT_CONVERSION = YES;
				GCC_WARN_ABOUT_RETURN_TYPE = YES_ERROR;
				GCC_WARN_UNDECLARED_SELECTOR = YES;
				GCC_WARN_UNINITIALIZED_AUTOS = YES_AGGRESSIVE;
				GCC_WARN_UNUSED_FUNCTION = YES;
				GCC_WARN_UNUSED_VARIABLE = YES;
				IPHONEOS_DEPLOYMENT_TARGET = 15.2;
				MTL_ENABLE_DEBUG_INFO = NO;
				MTL_FAST_MATH = YES;
				SDKROOT = iphoneos;
				SWIFT_COMPILATION_MODE = wholemodule;
				SWIFT_OPTIMIZATION_LEVEL = "-O";
				VALIDATE_PRODUCT = YES;
			};
			name = Release;
		};
		DD32FB992906DA9E00D2BD4E /* Debug */ = {
			isa = XCBuildConfiguration;
			buildSettings = {
				ASSETCATALOG_COMPILER_APPICON_NAME = AppIcon;
				ASSETCATALOG_COMPILER_GLOBAL_ACCENT_COLOR_NAME = AccentColor;
				CODE_SIGN_STYLE = Automatic;
				CURRENT_PROJECT_VERSION = 1;
				DEVELOPMENT_TEAM = K8ZMSQCU7C;
				GENERATE_INFOPLIST_FILE = YES;
				INFOPLIST_FILE = ToDoApp/Info.plist;
				INFOPLIST_KEY_UIApplicationSupportsIndirectInputEvents = YES;
				INFOPLIST_KEY_UILaunchStoryboardName = LaunchScreen;
				INFOPLIST_KEY_UIMainStoryboardFile = Main;
				INFOPLIST_KEY_UISupportedInterfaceOrientations_iPad = "UIInterfaceOrientationPortrait UIInterfaceOrientationPortraitUpsideDown UIInterfaceOrientationLandscapeLeft UIInterfaceOrientationLandscapeRight";
				INFOPLIST_KEY_UISupportedInterfaceOrientations_iPhone = "UIInterfaceOrientationPortrait UIInterfaceOrientationLandscapeLeft UIInterfaceOrientationLandscapeRight";
				LD_RUNPATH_SEARCH_PATHS = (
					"$(inherited)",
					"@executable_path/Frameworks",
				);
				MARKETING_VERSION = 1.0;
				PRODUCT_BUNDLE_IDENTIFIER = vb.ToDoApp;
				PRODUCT_NAME = "$(TARGET_NAME)";
				SWIFT_EMIT_LOC_STRINGS = YES;
				SWIFT_VERSION = 5.0;
				TARGETED_DEVICE_FAMILY = "1,2";
			};
			name = Debug;
		};
		DD32FB9A2906DA9E00D2BD4E /* Release */ = {
			isa = XCBuildConfiguration;
			buildSettings = {
				ASSETCATALOG_COMPILER_APPICON_NAME = AppIcon;
				ASSETCATALOG_COMPILER_GLOBAL_ACCENT_COLOR_NAME = AccentColor;
				CODE_SIGN_STYLE = Automatic;
				CURRENT_PROJECT_VERSION = 1;
				DEVELOPMENT_TEAM = K8ZMSQCU7C;
				GENERATE_INFOPLIST_FILE = YES;
				INFOPLIST_FILE = ToDoApp/Info.plist;
				INFOPLIST_KEY_UIApplicationSupportsIndirectInputEvents = YES;
				INFOPLIST_KEY_UILaunchStoryboardName = LaunchScreen;
				INFOPLIST_KEY_UIMainStoryboardFile = Main;
				INFOPLIST_KEY_UISupportedInterfaceOrientations_iPad = "UIInterfaceOrientationPortrait UIInterfaceOrientationPortraitUpsideDown UIInterfaceOrientationLandscapeLeft UIInterfaceOrientationLandscapeRight";
				INFOPLIST_KEY_UISupportedInterfaceOrientations_iPhone = "UIInterfaceOrientationPortrait UIInterfaceOrientationLandscapeLeft UIInterfaceOrientationLandscapeRight";
				LD_RUNPATH_SEARCH_PATHS = (
					"$(inherited)",
					"@executable_path/Frameworks",
				);
				MARKETING_VERSION = 1.0;
				PRODUCT_BUNDLE_IDENTIFIER = vb.ToDoApp;
				PRODUCT_NAME = "$(TARGET_NAME)";
				SWIFT_EMIT_LOC_STRINGS = YES;
				SWIFT_VERSION = 5.0;
				TARGETED_DEVICE_FAMILY = "1,2";
			};
			name = Release;
		};
/* End XCBuildConfiguration section */

/* Begin XCConfigurationList section */
		DD32FB7F2906DA9D00D2BD4E /* Build configuration list for PBXProject "ToDoApp" */ = {
			isa = XCConfigurationList;
			buildConfigurations = (
				DD32FB962906DA9E00D2BD4E /* Debug */,
				DD32FB972906DA9E00D2BD4E /* Release */,
			);
			defaultConfigurationIsVisible = 0;
			defaultConfigurationName = Release;
		};
		DD32FB982906DA9E00D2BD4E /* Build configuration list for PBXNativeTarget "ToDoApp" */ = {
			isa = XCConfigurationList;
			buildConfigurations = (
				DD32FB992906DA9E00D2BD4E /* Debug */,
				DD32FB9A2906DA9E00D2BD4E /* Release */,
			);
			defaultConfigurationIsVisible = 0;
			defaultConfigurationName = Release;
		};
/* End XCConfigurationList section */
	};
	rootObject = DD32FB7C2906DA9D00D2BD4E /* Project object */;
}
